# This file is automatically @generated by Poetry 1.8.0 and should not be changed by hand.

[[package]]
name = "django"
version = "5.0.1"
description = "A high-level Python web framework"
optional = false
python-versions = ">=3.10"

[[package]]
name = "celery"
version = "5.3.6"
description = "Distributed Task Queue"
optional = false
python-versions = ">=3.8"

[[package]]
name = "redis"
version = "5.0.1"
description = "Python client for Redis"
optional = false
python-versions = ">=3.7"

[[package]]
name = "psycopg2-binary"
version = "2.9.9"
description = "psycopg2 - Python-PostgreSQL Database Adapter"
optional = false
python-versions = ">=3.7"

[[package]]
name = "gunicorn"
version = "21.2.0"
description = "WSGI HTTP Server for UNIX"
optional = false
python-versions = ">=3.5"

[[package]]
name = "sentry-sdk"
version = "1.39.1"
description = "Python client for Sentry"
optional = false
python-versions = ">=3.6"

[[package]]
name = "asgiref"
version = "3.7.2"
description = "ASGI specs, helper code, and adapters"
optional = false
python-versions = ">=3.7"

[[package]]
name = "sqlparse"
version = "0.4.4"
description = "A non-validating SQL parser"
optional = false
python-versions = ">=3.5"

[[package]]
name = "pytest"
version = "7.4.4"
description = "pytest: simple powerful testing with Python"
optional = false
python-versions = ">=3.7"

[[package]]
name = "coverage"
version = "7.4.0"
description = "Code coverage measurement for Python"
optional = false
python-versions = ">=3.8"

[[package]]
name = "black"
version = "23.12.1"
description = "The uncompromising code formatter"
optional = false
python-versions = ">=3.8"

[metadata]
lock-version = "2.0"
python-versions = "^3.12"
content-hash = "abc123def456789012345678901234567890abcdef"
