github.com/cespare/xxhash/v2 v2.2.0 h1:DC2CZ1Ep5Y4k3ZQ899DldepgrayRUGE6BBZ/cd9Cj44=
github.com/cespare/xxhash/v2 v2.2.0/go.mod h1:VGX0DQ3Q6kWi7AoAeZDth3/j3BFtOZR5XLFGgcrjCOs=
github.com/dgryski/go-rendezvous v0.0.0-20200823014737-9f7001d12a5f h1:lO4WD4F/rVNCu3HqELle0jiPLLBs70cWOduZpkS1E78=
github.com/dgryski/go-rendezvous v0.0.0-20200823014737-9f7001d12a5f/go.mod h1:cuUVRXasLTGF7a8hSLbUDijNT9t4UfrZzSp/AXMhECc=
github.com/go-chi/chi/v5 v5.0.11 h1:BnpYbFZ3T3S1WMpD79r7R5ThWX40TaFB7L31Y8xqSwA=
github.com/go-chi/chi/v5 v5.0.11/go.mod h1:DslCQbL2OYiznFReuXYUmQ2hGd1aDpCnlMNITLSKoi8=
github.com/go-chi/cors v1.2.1 h1:xEC8UT3Rlp2s3Kqo/1C5IB5JVPx6qOOlUMCLoJxsfg=
github.com/go-chi/cors v1.2.1/go.mod h1:sSbTewc+6wYR9TT12cOkABnBIYNSQnSQnkPJamcdq0=
github.com/golang-jwt/jwt/v5 v5.2.0 h1:d/ix8ftRUorsN+5eMIlF4T6J8CAt9rch3MY2MGo28y0=
github.com/golang-jwt/jwt/v5 v5.2.0/go.mod h1:pqrtFR0X4osieyHYxtmRk2pE/GRo5bf3JRd6FO0tVKo=
github.com/google/uuid v1.6.0 h1:NIvaJDMOsjHA8n1jAhLSgzrAzy1Hgr+hNrb57e+94F0=
github.com/google/uuid v1.6.0/go.mod h1:TIyPZe4MgqvfeYDBFedMoGGpEw/LqOeaOT+nhxU+yHo=
github.com/jackc/pgpassfile v1.0.0 h1:/6Hmqy13Ss2zCq62VdNG8tM1wchn8zjSGOBJ6icpsIM=
github.com/jackc/pgpassfile v1.0.0/go.mod h1:CEx0iS5ambNFdcRtxPj5JhEz+xB6uRky5764ztc6FM=
github.com/jackc/pgservicefile v0.0.0-20231201171823-075c0ed1a8ea h1:L0MtLswEr0dMIShMNKzfQz+eDklznKFBdcMxATGkIBE=
github.com/jackc/pgservicefile v0.0.0-20231201171823-075c0ed1a8ea/go.mod h1:5TJA88CcQYnTkOp/DQ1cloHKg9OI6QC/eVfQr2ArvN8=
github.com/jackc/pgx/v5 v5.5.2 h1:yPMVBCFP0TzTdghpJfgHGflNNwbBkJJGaKCjMaN9H6E=
github.com/jackc/pgx/v5 v5.5.2/go.mod h1:ez9gk+OidgYDRXXE0A0Hq5q3HKME+knAC8eaMO+v2MA=
github.com/jackc/puddle/v2 v2.2.1 h1:RhxXJtFG022u4ibrCSMSgIvefPBf/1kUEOPe7dGMkts=
github.com/jackc/puddle/v2 v2.2.1/go.mod h1:vriiEXHvEE654aYKXXjOvZM39qJ0q+azkZFrfEOc3H4=
github.com/mattn/go-colorable v0.1.13 h1:fFA4WZxdEF4tXPZVKMLwD8oUnCTTo08duU7wxecdEvA=
github.com/mattn/go-colorable v0.1.13/go.mod h1:7S9/ev0klgBDR4GtXTXX8a3vIGJpMovkB8vQcUbaXHg=
github.com/mattn/go-isatty v0.0.20 h1:xfD0iDuEKnDkl03q4limB+vH+GxLEtL/jb4xVJSWWEY=
github.com/mattn/go-isatty v0.0.20/go.mod h1:W+V8PltTTMOvKvAeJH7IuucS94S2C6jfK/D7dTCTo3Y=
github.com/redis/go-redis/v9 v9.4.0 h1:Yzoz33UZw9I/mFhx4MNrB6Fk+XHO1VukNcCa597wYw=
github.com/redis/go-redis/v9 v9.4.0/go.mod h1:hdY0cQFCN4fnSYT6TkisLufl/4W5UIXjv0FQDTi2Wukg=
github.com/rs/zerolog v1.31.0 h1:/FN5hFMklIB2NMJMiGn0yBcj/MprQ/qL7NDBaS1JQiQ=
github.com/rs/zerolog v1.31.0/go.mod h1:/7mN4D5sKwJLZQ2b/znpjC3MAZDNZwNd9V/GDNanCjQ=
golang.org/x/crypto v0.18.0 h1:PGVlW0xA11PlMkLHa8bZPT3Tv0hLg1BQBUW4IdGaMrc=
golang.org/x/crypto v0.18.0/go.mod h1:Iy9bg/ha4 voices=
golang.org/x/net v0.20.0 h1:XXXXXXXXXXXXXXXXX=
golang.org/x/net v0.20.0/go.mod h1:YYYYYYYYYYYYY=
golang.org/x/sync v0.6.0 h1:5BMeUDZ7vkXGfEr1x9B4bRcTH4lpkTkpdh0T/J+qjbQ=
golang.org/x/sync v0.6.0/go.mod h1:Czt+wKu1gCyEFDUtn0jG5QVvpJ6rzVqr5aXyt9drQfk=
golang.org/x/sys v0.16.0 h1:xWw16ngr6ZMtmxDyKyIgsE93KNKz5HKmMa3b8ALHidU=
golang.org/x/sys v0.16.0/go.mod h1:/VUhepiaJMQUp4+oa/7Zr1D23ma6VTLIYjOOTFZPUcA=
golang.org/x/text v0.14.0 h1:ScX5w1eTa3QqT8oi6+ziP7dTV1S2+ALU0bI+0zXKWiQ=
golang.org/x/text v0.14.0/go.mod h1:18ZOQIKpY8NJVqYksKHtTdi31H5itFRjB5/qKTNYzSU=
google.golang.org/genproto/googleapis/rpc v0.0.0-20240125205218-1f4bbc51befe h1:bQnzJHg2LRKGPbFiRsNIa4jqS1Y3EeolhE+0K3pVJIg=
google.golang.org/genproto/googleapis/rpc v0.0.0-20240125205218-1f4bbc51befe/go.mod h1:PAREbraiVEVGVdTZsVWjSbbTtSyGbAgIIvni8a8CD5s=
google.golang.org/grpc v1.61.0 h1:TOvOcZUvRAS+K0Y0Xt3AF+HQJcUUDhJvWKb/0v2mSGk=
google.golang.org/grpc v1.61.0/go.mod h1:VUbo7IcVb5Wr+GzeUS2o+FNepGlcD7f1x52CjAktQhM=
google.golang.org/protobuf v1.32.0 h1:pPC6BG5ex8PDFnkbrGU3EixyhKcQ2aDuBS36SqeTCTA=
google.golang.org/protobuf v1.32.0/go.mod h1:C6N1IRAn3p/qInFEiahQ7BeZIl5NgfI/7IzHECvmYqA=
