# This file is automatically @generated by Cargo.
# It is not intended for manual editing.
version = 3

[[package]]
name = "acme-cli"
version = "0.1.0"
dependencies = [
 "clap",
 "serde",
 "serde_json",
 "tokio",
 "reqwest",
]

[[package]]
name = "clap"
version = "4.4.18"
source = "registry+https://github.com/rust-lang/crates.io-index"
checksum = "abc123def456"
dependencies = [
 "clap_builder",
]

[[package]]
name = "clap_builder"
version = "4.4.18"
source = "registry+https://github.com/rust-lang/crates.io-index"
checksum = "def456ghi789"

[[package]]
name = "serde"
version = "1.0.195"
source = "registry+https://github.com/rust-lang/crates.io-index"
checksum = "ghi789jkl012"
dependencies = [
 "serde_derive",
]

[[package]]
name = "serde_derive"
version = "1.0.195"
source = "registry+https://github.com/rust-lang/crates.io-index"
checksum = "jkl012mno345"

[[package]]
name = "serde_json"
version = "1.0.111"
source = "registry+https://github.com/rust-lang/crates.io-index"
checksum = "mno345pqr678"
dependencies = [
 "serde",
]

[[package]]
name = "tokio"
version = "1.35.1"
source = "registry+https://github.com/rust-lang/crates.io-index"
checksum = "pqr678stu901"

[[package]]
name = "reqwest"
version = "0.11.23"
source = "registry+https://github.com/rust-lang/crates.io-index"
checksum = "stu901vwx234"
dependencies = [
 "serde",
 "serde_json",
 "tokio",
]

[[package]]
name = "assert_cmd"
version = "2.0.13"
source = "registry+https://github.com/rust-lang/crates.io-index"
checksum = "vwx234yza567"
