# This file is automatically @generated by Cargo.
# It is not intended for manual editing.
version = 3

[[package]]
name = "acme-server"
version = "0.5.0"
dependencies = [
 "actix-web",
 "serde",
 "serde_json",
 "tokio",
 "sqlx",
 "tracing",
 "tracing-subscriber",
]

[[package]]
name = "actix-web"
version = "4.4.1"
source = "registry+https://github.com/rust-lang/crates.io-index"
checksum = "hash-actix-web"
dependencies = [
 "actix-http",
 "actix-router",
 "serde",
 "tokio",
]

[[package]]
name = "actix-http"
version = "3.6.0"
source = "registry+https://github.com/rust-lang/crates.io-index"
checksum = "hash-actix-http"

[[package]]
name = "actix-router"
version = "0.5.2"
source = "registry+https://github.com/rust-lang/crates.io-index"
checksum = "hash-actix-router"

[[package]]
name = "actix-rt"
version = "2.9.0"
source = "registry+https://github.com/rust-lang/crates.io-index"
checksum = "hash-actix-rt"

[[package]]
name = "serde"
version = "1.0.195"
source = "registry+https://github.com/rust-lang/crates.io-index"
checksum = "hash-serde"
dependencies = [
 "serde_derive",
]

[[package]]
name = "serde_derive"
version = "1.0.195"
source = "registry+https://github.com/rust-lang/crates.io-index"
checksum = "hash-serde-derive"

[[package]]
name = "serde_json"
version = "1.0.111"
source = "registry+https://github.com/rust-lang/crates.io-index"
checksum = "hash-serde-json"
dependencies = [
 "serde",
]

[[package]]
name = "tokio"
version = "1.35.1"
source = "registry+https://github.com/rust-lang/crates.io-index"
checksum = "hash-tokio"

[[package]]
name = "sqlx"
version = "0.7.3"
source = "registry+https://github.com/rust-lang/crates.io-index"
checksum = "hash-sqlx"
dependencies = [
 "sqlx-core",
 "sqlx-postgres",
 "tokio",
]

[[package]]
name = "sqlx-core"
version = "0.7.3"
source = "registry+https://github.com/rust-lang/crates.io-index"
checksum = "hash-sqlx-core"

[[package]]
name = "sqlx-postgres"
version = "0.7.3"
source = "registry+https://github.com/rust-lang/crates.io-index"
checksum = "hash-sqlx-postgres"

[[package]]
name = "tracing"
version = "0.1.40"
source = "registry+https://github.com/rust-lang/crates.io-index"
checksum = "hash-tracing"
dependencies = [
 "tracing-core",
]

[[package]]
name = "tracing-core"
version = "0.1.32"
source = "registry+https://github.com/rust-lang/crates.io-index"
checksum = "hash-tracing-core"

[[package]]
name = "tracing-subscriber"
version = "0.3.18"
source = "registry+https://github.com/rust-lang/crates.io-index"
checksum = "hash-tracing-subscriber"
dependencies = [
 "tracing",
 "tracing-core",
]
